// !$*UTF8*$!
{
	archiveVersion = 1;
	classes = {
	};
	objectVersion = 51;
	objects = {

/* Begin PBXBuildFile section */
		0F681CB0A4BE3EB9880D960A /* Pods_MarvelApp_MarvelAppUITests.framework in Frameworks */ = {isa = PBXBuildFile; fileRef = D9F99782018741104BA13098 /* Pods_MarvelApp_MarvelAppUITests.framework */; };
		232D8230E44BD4ACB0F52881 /* Pods_MarvelAppTests.framework in Frameworks */ = {isa = PBXBuildFile; fileRef = AD38C5394FE5236BADBD1FB4 /* Pods_MarvelAppTests.framework */; };
		950A7D602664E63100F6655A /* AppDelegate.swift in Sources */ = {isa = PBXBuildFile; fileRef = 950A7D5F2664E63100F6655A /* AppDelegate.swift */; };
		950A7D622664E63100F6655A /* SceneDelegate.swift in Sources */ = {isa = PBXBuildFile; fileRef = 950A7D612664E63100F6655A /* SceneDelegate.swift */; };
		950A7D642664E63100F6655A /* ViewController.swift in Sources */ = {isa = PBXBuildFile; fileRef = 950A7D632664E63100F6655A /* ViewController.swift */; };
		950A7D672664E63100F6655A /* Main.storyboard in Resources */ = {isa = PBXBuildFile; fileRef = 950A7D652664E63100F6655A /* Main.storyboard */; };
		950A7D692664E63200F6655A /* Assets.xcassets in Resources */ = {isa = PBXBuildFile; fileRef = 950A7D682664E63200F6655A /* Assets.xcassets */; };
		950A7D6C2664E63200F6655A /* LaunchScreen.storyboard in Resources */ = {isa = PBXBuildFile; fileRef = 950A7D6A2664E63200F6655A /* LaunchScreen.storyboard */; };
		950A7D772664E63200F6655A /* MarvelAppTests.swift in Sources */ = {isa = PBXBuildFile; fileRef = 950A7D762664E63200F6655A /* MarvelAppTests.swift */; };
		950A7D822664E63200F6655A /* MarvelAppUITests.swift in Sources */ = {isa = PBXBuildFile; fileRef = 950A7D812664E63200F6655A /* MarvelAppUITests.swift */; };
		952615722664EAAE006C24F8 /* CharacterDataWrapperModel.swift in Sources */ = {isa = PBXBuildFile; fileRef = 952615712664EAAE006C24F8 /* CharacterDataWrapperModel.swift */; };
		9526157D2664EAD1006C24F8 /* CharacterDataContainerModel.swift in Sources */ = {isa = PBXBuildFile; fileRef = 9526157C2664EAD1006C24F8 /* CharacterDataContainerModel.swift */; };
		952615822664EAED006C24F8 /* CharacterModel.swift in Sources */ = {isa = PBXBuildFile; fileRef = 952615812664EAED006C24F8 /* CharacterModel.swift */; };
		952615872664EB16006C24F8 /* URLModel.swift in Sources */ = {isa = PBXBuildFile; fileRef = 952615862664EB16006C24F8 /* URLModel.swift */; };
		9526158C2664EB27006C24F8 /* ImageModel.swift in Sources */ = {isa = PBXBuildFile; fileRef = 9526158B2664EB27006C24F8 /* ImageModel.swift */; };
		952615912664EB5B006C24F8 /* CharacterDataContainerDataSource.swift in Sources */ = {isa = PBXBuildFile; fileRef = 952615902664EB5B006C24F8 /* CharacterDataContainerDataSource.swift */; };
		952615992664EBA2006C24F8 /* CharacterDataModelTests.swift in Sources */ = {isa = PBXBuildFile; fileRef = 952615982664EBA2006C24F8 /* CharacterDataModelTests.swift */; };
		952615A22664EBD9006C24F8 /* CharacterDataContainerDataSourceTests.swift in Sources */ = {isa = PBXBuildFile; fileRef = 952615A12664EBD9006C24F8 /* CharacterDataContainerDataSourceTests.swift */; };
		952615AD2664EC14006C24F8 /* characters.json in Resources */ = {isa = PBXBuildFile; fileRef = 952615AC2664EC14006C24F8 /* characters.json */; };
		952615BF2664ECEB006C24F8 /* Constants.swift in Sources */ = {isa = PBXBuildFile; fileRef = 952615BE2664ECEB006C24F8 /* Constants.swift */; };
		95672E1B2664E77B00C057D3 /* README.md in Resources */ = {isa = PBXBuildFile; fileRef = 95672E192664E77B00C057D3 /* README.md */; };
		95672E1C2664E77B00C057D3 /* Podfile in Resources */ = {isa = PBXBuildFile; fileRef = 95672E1A2664E77B00C057D3 /* Podfile */; };
		95672E312664E88B00C057D3 /* .swiftlint.yml in Resources */ = {isa = PBXBuildFile; fileRef = 95672E302664E88B00C057D3 /* .swiftlint.yml */; };
		9F8D0FB7AC149E861BA9453F /* Pods_MarvelApp.framework in Frameworks */ = {isa = PBXBuildFile; fileRef = 5F6578AAAB74ADDF2347AD1E /* Pods_MarvelApp.framework */; };
/* End PBXBuildFile section */

/* Begin PBXContainerItemProxy section */
		950A7D732664E63200F6655A /* PBXContainerItemProxy */ = {
			isa = PBXContainerItemProxy;
			containerPortal = 950A7D542664E63100F6655A /* Project object */;
			proxyType = 1;
			remoteGlobalIDString = 950A7D5B2664E63100F6655A;
			remoteInfo = MarvelApp;
		};
		950A7D7E2664E63200F6655A /* PBXContainerItemProxy */ = {
			isa = PBXContainerItemProxy;
			containerPortal = 950A7D542664E63100F6655A /* Project object */;
			proxyType = 1;
			remoteGlobalIDString = 950A7D5B2664E63100F6655A;
			remoteInfo = MarvelApp;
		};
/* End PBXContainerItemProxy section */

/* Begin PBXFileReference section */
		1160DFD64CF296A7F3BE6428 /* Pods-MarvelApp.debug.xcconfig */ = {isa = PBXFileReference; includeInIndex = 1; lastKnownFileType = text.xcconfig; name = "Pods-MarvelApp.debug.xcconfig"; path = "Target Support Files/Pods-MarvelApp/Pods-MarvelApp.debug.xcconfig"; sourceTree = "<group>"; };
		46937B55481DFD1C414DDD7D /* Pods-MarvelApp-MarvelAppUITests.debug.xcconfig */ = {isa = PBXFileReference; includeInIndex = 1; lastKnownFileType = text.xcconfig; name = "Pods-MarvelApp-MarvelAppUITests.debug.xcconfig"; path = "Target Support Files/Pods-MarvelApp-MarvelAppUITests/Pods-MarvelApp-MarvelAppUITests.debug.xcconfig"; sourceTree = "<group>"; };
		5F6578AAAB74ADDF2347AD1E /* Pods_MarvelApp.framework */ = {isa = PBXFileReference; explicitFileType = wrapper.framework; includeInIndex = 0; path = Pods_MarvelApp.framework; sourceTree = BUILT_PRODUCTS_DIR; };
		64EA5E75C3A0D151A6618092 /* Pods-MarvelApp-MarvelAppUITests.release.xcconfig */ = {isa = PBXFileReference; includeInIndex = 1; lastKnownFileType = text.xcconfig; name = "Pods-MarvelApp-MarvelAppUITests.release.xcconfig"; path = "Target Support Files/Pods-MarvelApp-MarvelAppUITests/Pods-MarvelApp-MarvelAppUITests.release.xcconfig"; sourceTree = "<group>"; };
		6A5883BDB52F2D21AE4B808B /* Pods-MarvelAppTests.release.xcconfig */ = {isa = PBXFileReference; includeInIndex = 1; lastKnownFileType = text.xcconfig; name = "Pods-MarvelAppTests.release.xcconfig"; path = "Target Support Files/Pods-MarvelAppTests/Pods-MarvelAppTests.release.xcconfig"; sourceTree = "<group>"; };
		950A7D5C2664E63100F6655A /* MarvelApp.app */ = {isa = PBXFileReference; explicitFileType = wrapper.application; includeInIndex = 0; path = MarvelApp.app; sourceTree = BUILT_PRODUCTS_DIR; };
		950A7D5F2664E63100F6655A /* AppDelegate.swift */ = {isa = PBXFileReference; lastKnownFileType = sourcecode.swift; path = AppDelegate.swift; sourceTree = "<group>"; };
		950A7D612664E63100F6655A /* SceneDelegate.swift */ = {isa = PBXFileReference; lastKnownFileType = sourcecode.swift; path = SceneDelegate.swift; sourceTree = "<group>"; };
		950A7D632664E63100F6655A /* ViewController.swift */ = {isa = PBXFileReference; lastKnownFileType = sourcecode.swift; path = ViewController.swift; sourceTree = "<group>"; };
		950A7D662664E63100F6655A /* Base */ = {isa = PBXFileReference; lastKnownFileType = file.storyboard; name = Base; path = Base.lproj/Main.storyboard; sourceTree = "<group>"; };
		950A7D682664E63200F6655A /* Assets.xcassets */ = {isa = PBXFileReference; lastKnownFileType = folder.assetcatalog; path = Assets.xcassets; sourceTree = "<group>"; };
		950A7D6B2664E63200F6655A /* Base */ = {isa = PBXFileReference; lastKnownFileType = file.storyboard; name = Base; path = Base.lproj/LaunchScreen.storyboard; sourceTree = "<group>"; };
		950A7D6D2664E63200F6655A /* Info.plist */ = {isa = PBXFileReference; lastKnownFileType = text.plist.xml; path = Info.plist; sourceTree = "<group>"; };
		950A7D722664E63200F6655A /* MarvelAppTests.xctest */ = {isa = PBXFileReference; explicitFileType = wrapper.cfbundle; includeInIndex = 0; path = MarvelAppTests.xctest; sourceTree = BUILT_PRODUCTS_DIR; };
		950A7D762664E63200F6655A /* MarvelAppTests.swift */ = {isa = PBXFileReference; lastKnownFileType = sourcecode.swift; path = MarvelAppTests.swift; sourceTree = "<group>"; };
		950A7D782664E63200F6655A /* Info.plist */ = {isa = PBXFileReference; lastKnownFileType = text.plist.xml; path = Info.plist; sourceTree = "<group>"; };
		950A7D7D2664E63200F6655A /* MarvelAppUITests.xctest */ = {isa = PBXFileReference; explicitFileType = wrapper.cfbundle; includeInIndex = 0; path = MarvelAppUITests.xctest; sourceTree = BUILT_PRODUCTS_DIR; };
		950A7D812664E63200F6655A /* MarvelAppUITests.swift */ = {isa = PBXFileReference; lastKnownFileType = sourcecode.swift; path = MarvelAppUITests.swift; sourceTree = "<group>"; };
		950A7D832664E63200F6655A /* Info.plist */ = {isa = PBXFileReference; lastKnownFileType = text.plist.xml; path = Info.plist; sourceTree = "<group>"; };
		952615712664EAAE006C24F8 /* CharacterDataWrapperModel.swift */ = {isa = PBXFileReference; lastKnownFileType = sourcecode.swift; path = CharacterDataWrapperModel.swift; sourceTree = "<group>"; };
		9526157C2664EAD1006C24F8 /* CharacterDataContainerModel.swift */ = {isa = PBXFileReference; lastKnownFileType = sourcecode.swift; path = CharacterDataContainerModel.swift; sourceTree = "<group>"; };
		952615812664EAED006C24F8 /* CharacterModel.swift */ = {isa = PBXFileReference; lastKnownFileType = sourcecode.swift; path = CharacterModel.swift; sourceTree = "<group>"; };
		952615862664EB16006C24F8 /* URLModel.swift */ = {isa = PBXFileReference; lastKnownFileType = sourcecode.swift; path = URLModel.swift; sourceTree = "<group>"; };
		9526158B2664EB27006C24F8 /* ImageModel.swift */ = {isa = PBXFileReference; lastKnownFileType = sourcecode.swift; path = ImageModel.swift; sourceTree = "<group>"; };
		952615902664EB5B006C24F8 /* CharacterDataContainerDataSource.swift */ = {isa = PBXFileReference; lastKnownFileType = sourcecode.swift; path = CharacterDataContainerDataSource.swift; sourceTree = "<group>"; };
		952615982664EBA2006C24F8 /* CharacterDataModelTests.swift */ = {isa = PBXFileReference; lastKnownFileType = sourcecode.swift; path = CharacterDataModelTests.swift; sourceTree = "<group>"; };
		952615A12664EBD9006C24F8 /* CharacterDataContainerDataSourceTests.swift */ = {isa = PBXFileReference; lastKnownFileType = sourcecode.swift; path = CharacterDataContainerDataSourceTests.swift; sourceTree = "<group>"; };
		952615AC2664EC14006C24F8 /* characters.json */ = {isa = PBXFileReference; fileEncoding = 4; lastKnownFileType = text.json; name = characters.json; path = ../../Marvel/MarvelTests/characters.json; sourceTree = "<group>"; };
		952615BE2664ECEB006C24F8 /* Constants.swift */ = {isa = PBXFileReference; lastKnownFileType = sourcecode.swift; path = Constants.swift; sourceTree = "<group>"; };
		95672E192664E77B00C057D3 /* README.md */ = {isa = PBXFileReference; fileEncoding = 4; lastKnownFileType = net.daringfireball.markdown; path = README.md; sourceTree = "<group>"; };
		95672E1A2664E77B00C057D3 /* Podfile */ = {isa = PBXFileReference; fileEncoding = 4; lastKnownFileType = text; path = Podfile; sourceTree = "<group>"; xcLanguageSpecificationIdentifier = xcode.lang.ruby; };
		95672E302664E88B00C057D3 /* .swiftlint.yml */ = {isa = PBXFileReference; lastKnownFileType = text.yaml; path = .swiftlint.yml; sourceTree = "<group>"; };
		9C2D8EF98FFE43FEF2260BF8 /* Pods-MarvelApp.release.xcconfig */ = {isa = PBXFileReference; includeInIndex = 1; lastKnownFileType = text.xcconfig; name = "Pods-MarvelApp.release.xcconfig"; path = "Target Support Files/Pods-MarvelApp/Pods-MarvelApp.release.xcconfig"; sourceTree = "<group>"; };
		AD38C5394FE5236BADBD1FB4 /* Pods_MarvelAppTests.framework */ = {isa = PBXFileReference; explicitFileType = wrapper.framework; includeInIndex = 0; path = Pods_MarvelAppTests.framework; sourceTree = BUILT_PRODUCTS_DIR; };
		B147600FE3E7C261CF8B8D7C /* Pods-MarvelAppTests.debug.xcconfig */ = {isa = PBXFileReference; includeInIndex = 1; lastKnownFileType = text.xcconfig; name = "Pods-MarvelAppTests.debug.xcconfig"; path = "Target Support Files/Pods-MarvelAppTests/Pods-MarvelAppTests.debug.xcconfig"; sourceTree = "<group>"; };
		D9F99782018741104BA13098 /* Pods_MarvelApp_MarvelAppUITests.framework */ = {isa = PBXFileReference; explicitFileType = wrapper.framework; includeInIndex = 0; path = Pods_MarvelApp_MarvelAppUITests.framework; sourceTree = BUILT_PRODUCTS_DIR; };
/* End PBXFileReference section */

/* Begin PBXFrameworksBuildPhase section */
		950A7D592664E63100F6655A /* Frameworks */ = {
			isa = PBXFrameworksBuildPhase;
			buildActionMask = 2147483647;
			files = (
				9F8D0FB7AC149E861BA9453F /* Pods_MarvelApp.framework in Frameworks */,
			);
			runOnlyForDeploymentPostprocessing = 0;
		};
		950A7D6F2664E63200F6655A /* Frameworks */ = {
			isa = PBXFrameworksBuildPhase;
			buildActionMask = 2147483647;
			files = (
				232D8230E44BD4ACB0F52881 /* Pods_MarvelAppTests.framework in Frameworks */,
			);
			runOnlyForDeploymentPostprocessing = 0;
		};
		950A7D7A2664E63200F6655A /* Frameworks */ = {
			isa = PBXFrameworksBuildPhase;
			buildActionMask = 2147483647;
			files = (
				0F681CB0A4BE3EB9880D960A /* Pods_MarvelApp_MarvelAppUITests.framework in Frameworks */,
			);
			runOnlyForDeploymentPostprocessing = 0;
		};
/* End PBXFrameworksBuildPhase section */

/* Begin PBXGroup section */
		8E78EEBE979A1D0BA128227F /* Frameworks */ = {
			isa = PBXGroup;
			children = (
				5F6578AAAB74ADDF2347AD1E /* Pods_MarvelApp.framework */,
				D9F99782018741104BA13098 /* Pods_MarvelApp_MarvelAppUITests.framework */,
				AD38C5394FE5236BADBD1FB4 /* Pods_MarvelAppTests.framework */,
			);
			name = Frameworks;
			sourceTree = "<group>";
		};
		950A7D532664E63100F6655A = {
			isa = PBXGroup;
			children = (
				95672E1A2664E77B00C057D3 /* Podfile */,
				95672E192664E77B00C057D3 /* README.md */,
				95672E302664E88B00C057D3 /* .swiftlint.yml */,
				950A7D5E2664E63100F6655A /* MarvelApp */,
				950A7D752664E63200F6655A /* MarvelAppTests */,
				950A7D802664E63200F6655A /* MarvelAppUITests */,
				950A7D5D2664E63100F6655A /* Products */,
				FDDC5F77A03BF005C6A71B07 /* Pods */,
				8E78EEBE979A1D0BA128227F /* Frameworks */,
			);
			sourceTree = "<group>";
		};
		950A7D5D2664E63100F6655A /* Products */ = {
			isa = PBXGroup;
			children = (
				950A7D5C2664E63100F6655A /* MarvelApp.app */,
				950A7D722664E63200F6655A /* MarvelAppTests.xctest */,
				950A7D7D2664E63200F6655A /* MarvelAppUITests.xctest */,
			);
			name = Products;
			sourceTree = "<group>";
		};
		950A7D5E2664E63100F6655A /* MarvelApp */ = {
			isa = PBXGroup;
			children = (
				9526156D2664EA4F006C24F8 /* Feature */,
				952615BD2664ECD7006C24F8 /* Utils */,
				950A7D5F2664E63100F6655A /* AppDelegate.swift */,
				950A7D612664E63100F6655A /* SceneDelegate.swift */,
				950A7D632664E63100F6655A /* ViewController.swift */,
				950A7D652664E63100F6655A /* Main.storyboard */,
				950A7D682664E63200F6655A /* Assets.xcassets */,
				950A7D6A2664E63200F6655A /* LaunchScreen.storyboard */,
				950A7D6D2664E63200F6655A /* Info.plist */,
			);
			path = MarvelApp;
			sourceTree = "<group>";
		};
		950A7D752664E63200F6655A /* MarvelAppTests */ = {
			isa = PBXGroup;
			children = (
				952615952664EB74006C24F8 /* Features */,
				950A7D762664E63200F6655A /* MarvelAppTests.swift */,
				950A7D782664E63200F6655A /* Info.plist */,
				952615AC2664EC14006C24F8 /* characters.json */,
			);
			path = MarvelAppTests;
			sourceTree = "<group>";
		};
		950A7D802664E63200F6655A /* MarvelAppUITests */ = {
			isa = PBXGroup;
			children = (
				950A7D812664E63200F6655A /* MarvelAppUITests.swift */,
				950A7D832664E63200F6655A /* Info.plist */,
			);
			path = MarvelAppUITests;
			sourceTree = "<group>";
		};
		9526156D2664EA4F006C24F8 /* Feature */ = {
			isa = PBXGroup;
			children = (
				952615C92664F521006C24F8 /* CharacterList */,
				9526156E2664EA55006C24F8 /* CharacterData */,
			);
			path = Feature;
			sourceTree = "<group>";
		};
		9526156E2664EA55006C24F8 /* CharacterData */ = {
			isa = PBXGroup;
			children = (
				952615702664EA75006C24F8 /* Model */,
			);
			path = CharacterData;
			sourceTree = "<group>";
		};
		952615702664EA75006C24F8 /* Model */ = {
			isa = PBXGroup;
			children = (
				952615712664EAAE006C24F8 /* CharacterDataWrapperModel.swift */,
				9526157C2664EAD1006C24F8 /* CharacterDataContainerModel.swift */,
				952615812664EAED006C24F8 /* CharacterModel.swift */,
				952615862664EB16006C24F8 /* URLModel.swift */,
				9526158B2664EB27006C24F8 /* ImageModel.swift */,
			);
			path = Model;
			sourceTree = "<group>";
		};
		952615952664EB74006C24F8 /* Features */ = {
			isa = PBXGroup;
			children = (
				952615962664EB79006C24F8 /* CharacterData */,
			);
			path = Features;
			sourceTree = "<group>";
		};
		952615962664EB79006C24F8 /* CharacterData */ = {
			isa = PBXGroup;
			children = (
				952615A02664EBBC006C24F8 /* DataSource */,
				952615972664EB84006C24F8 /* Model */,
			);
			path = CharacterData;
			sourceTree = "<group>";
		};
		952615972664EB84006C24F8 /* Model */ = {
			isa = PBXGroup;
			children = (
				952615982664EBA2006C24F8 /* CharacterDataModelTests.swift */,
			);
			path = Model;
			sourceTree = "<group>";
		};
		952615A02664EBBC006C24F8 /* DataSource */ = {
			isa = PBXGroup;
			children = (
				952615A12664EBD9006C24F8 /* CharacterDataContainerDataSourceTests.swift */,
			);
			path = DataSource;
			sourceTree = "<group>";
		};
		952615BD2664ECD7006C24F8 /* Utils */ = {
			isa = PBXGroup;
			children = (
				952615BE2664ECEB006C24F8 /* Constants.swift */,
			);
			path = Utils;
			sourceTree = "<group>";
		};
		952615C92664F521006C24F8 /* CharacterList */ = {
			isa = PBXGroup;
			children = (
				952615CA2664F529006C24F8 /* DataSource */,
			);
			path = CharacterList;
			sourceTree = "<group>";
		};
		952615CA2664F529006C24F8 /* DataSource */ = {
			isa = PBXGroup;
			children = (
				952615902664EB5B006C24F8 /* CharacterDataContainerDataSource.swift */,
			);
			path = DataSource;
			sourceTree = "<group>";
		};
		FDDC5F77A03BF005C6A71B07 /* Pods */ = {
			isa = PBXGroup;
			children = (
				1160DFD64CF296A7F3BE6428 /* Pods-MarvelApp.debug.xcconfig */,
				9C2D8EF98FFE43FEF2260BF8 /* Pods-MarvelApp.release.xcconfig */,
				46937B55481DFD1C414DDD7D /* Pods-MarvelApp-MarvelAppUITests.debug.xcconfig */,
				64EA5E75C3A0D151A6618092 /* Pods-MarvelApp-MarvelAppUITests.release.xcconfig */,
				B147600FE3E7C261CF8B8D7C /* Pods-MarvelAppTests.debug.xcconfig */,
				6A5883BDB52F2D21AE4B808B /* Pods-MarvelAppTests.release.xcconfig */,
			);
			path = Pods;
			sourceTree = "<group>";
		};
/* End PBXGroup section */

/* Begin PBXNativeTarget section */
		950A7D5B2664E63100F6655A /* MarvelApp */ = {
			isa = PBXNativeTarget;
			buildConfigurationList = 950A7D862664E63200F6655A /* Build configuration list for PBXNativeTarget "MarvelApp" */;
			buildPhases = (
				46FD20F373A205DD34DB338C /* [CP] Check Pods Manifest.lock */,
				950A7D582664E63100F6655A /* Sources */,
				950A7D592664E63100F6655A /* Frameworks */,
				950A7D5A2664E63100F6655A /* Resources */,
				576C73591E1AD5753EBA943E /* [CP] Embed Pods Frameworks */,
				95672E382664E8A800C057D3 /* ShellScript */,
			);
			buildRules = (
			);
			dependencies = (
			);
			name = MarvelApp;
			productName = MarvelApp;
			productReference = 950A7D5C2664E63100F6655A /* MarvelApp.app */;
			productType = "com.apple.product-type.application";
		};
		950A7D712664E63200F6655A /* MarvelAppTests */ = {
			isa = PBXNativeTarget;
			buildConfigurationList = 950A7D892664E63200F6655A /* Build configuration list for PBXNativeTarget "MarvelAppTests" */;
			buildPhases = (
				30ADB78AA7AE8C7A413F11C6 /* [CP] Check Pods Manifest.lock */,
				950A7D6E2664E63200F6655A /* Sources */,
				950A7D6F2664E63200F6655A /* Frameworks */,
				950A7D702664E63200F6655A /* Resources */,
			);
			buildRules = (
			);
			dependencies = (
				950A7D742664E63200F6655A /* PBXTargetDependency */,
			);
			name = MarvelAppTests;
			productName = MarvelAppTests;
			productReference = 950A7D722664E63200F6655A /* MarvelAppTests.xctest */;
			productType = "com.apple.product-type.bundle.unit-test";
		};
		950A7D7C2664E63200F6655A /* MarvelAppUITests */ = {
			isa = PBXNativeTarget;
			buildConfigurationList = 950A7D8C2664E63200F6655A /* Build configuration list for PBXNativeTarget "MarvelAppUITests" */;
			buildPhases = (
				B68461DA4FDA25CB10BEF8A7 /* [CP] Check Pods Manifest.lock */,
				950A7D792664E63200F6655A /* Sources */,
				950A7D7A2664E63200F6655A /* Frameworks */,
				950A7D7B2664E63200F6655A /* Resources */,
				236B9E9B1AA823A0862F6402 /* [CP] Embed Pods Frameworks */,
			);
			buildRules = (
			);
			dependencies = (
				950A7D7F2664E63200F6655A /* PBXTargetDependency */,
			);
			name = MarvelAppUITests;
			productName = MarvelAppUITests;
			productReference = 950A7D7D2664E63200F6655A /* MarvelAppUITests.xctest */;
			productType = "com.apple.product-type.bundle.ui-testing";
		};
/* End PBXNativeTarget section */

/* Begin PBXProject section */
		950A7D542664E63100F6655A /* Project object */ = {
			isa = PBXProject;
			attributes = {
				LastSwiftUpdateCheck = 1240;
				LastUpgradeCheck = 1240;
				TargetAttributes = {
					950A7D5B2664E63100F6655A = {
						CreatedOnToolsVersion = 12.4;
					};
					950A7D712664E63200F6655A = {
						CreatedOnToolsVersion = 12.4;
						TestTargetID = 950A7D5B2664E63100F6655A;
					};
					950A7D7C2664E63200F6655A = {
						CreatedOnToolsVersion = 12.4;
						TestTargetID = 950A7D5B2664E63100F6655A;
					};
				};
			};
			buildConfigurationList = 950A7D572664E63100F6655A /* Build configuration list for PBXProject "MarvelApp" */;
			compatibilityVersion = "Xcode 9.3";
			developmentRegion = en;
			hasScannedForEncodings = 0;
			knownRegions = (
				en,
				Base,
			);
			mainGroup = 950A7D532664E63100F6655A;
			productRefGroup = 950A7D5D2664E63100F6655A /* Products */;
			projectDirPath = "";
			projectRoot = "";
			targets = (
				950A7D5B2664E63100F6655A /* MarvelApp */,
				950A7D712664E63200F6655A /* MarvelAppTests */,
				950A7D7C2664E63200F6655A /* MarvelAppUITests */,
			);
		};
/* End PBXProject section */

/* Begin PBXResourcesBuildPhase section */
		950A7D5A2664E63100F6655A /* Resources */ = {
			isa = PBXResourcesBuildPhase;
			buildActionMask = 2147483647;
			files = (
				95672E312664E88B00C057D3 /* .swiftlint.yml in Resources */,
				95672E1C2664E77B00C057D3 /* Podfile in Resources */,
				950A7D6C2664E63200F6655A /* LaunchScreen.storyboard in Resources */,
				950A7D692664E63200F6655A /* Assets.xcassets in Resources */,
				95672E1B2664E77B00C057D3 /* README.md in Resources */,
				950A7D672664E63100F6655A /* Main.storyboard in Resources */,
			);
			runOnlyForDeploymentPostprocessing = 0;
		};
		950A7D702664E63200F6655A /* Resources */ = {
			isa = PBXResourcesBuildPhase;
			buildActionMask = 2147483647;
			files = (
				952615AD2664EC14006C24F8 /* characters.json in Resources */,
			);
			runOnlyForDeploymentPostprocessing = 0;
		};
		950A7D7B2664E63200F6655A /* Resources */ = {
			isa = PBXResourcesBuildPhase;
			buildActionMask = 2147483647;
			files = (
			);
			runOnlyForDeploymentPostprocessing = 0;
		};
/* End PBXResourcesBuildPhase section */

/* Begin PBXShellScriptBuildPhase section */
		236B9E9B1AA823A0862F6402 /* [CP] Embed Pods Frameworks */ = {
			isa = PBXShellScriptBuildPhase;
			buildActionMask = 2147483647;
			files = (
			);
			inputFileListPaths = (
				"${PODS_ROOT}/Target Support Files/Pods-MarvelApp-MarvelAppUITests/Pods-MarvelApp-MarvelAppUITests-frameworks-${CONFIGURATION}-input-files.xcfilelist",
			);
			name = "[CP] Embed Pods Frameworks";
			outputFileListPaths = (
				"${PODS_ROOT}/Target Support Files/Pods-MarvelApp-MarvelAppUITests/Pods-MarvelApp-MarvelAppUITests-frameworks-${CONFIGURATION}-output-files.xcfilelist",
			);
			runOnlyForDeploymentPostprocessing = 0;
			shellPath = /bin/sh;
			shellScript = "\"${PODS_ROOT}/Target Support Files/Pods-MarvelApp-MarvelAppUITests/Pods-MarvelApp-MarvelAppUITests-frameworks.sh\"\n";
			showEnvVarsInLog = 0;
		};
		30ADB78AA7AE8C7A413F11C6 /* [CP] Check Pods Manifest.lock */ = {
			isa = PBXShellScriptBuildPhase;
			buildActionMask = 2147483647;
			files = (
			);
			inputFileListPaths = (
			);
			inputPaths = (
				"${PODS_PODFILE_DIR_PATH}/Podfile.lock",
				"${PODS_ROOT}/Manifest.lock",
			);
			name = "[CP] Check Pods Manifest.lock";
			outputFileListPaths = (
			);
			outputPaths = (
				"$(DERIVED_FILE_DIR)/Pods-MarvelAppTests-checkManifestLockResult.txt",
			);
			runOnlyForDeploymentPostprocessing = 0;
			shellPath = /bin/sh;
			shellScript = "diff \"${PODS_PODFILE_DIR_PATH}/Podfile.lock\" \"${PODS_ROOT}/Manifest.lock\" > /dev/null\nif [ $? != 0 ] ; then\n    # print error to STDERR\n    echo \"error: The sandbox is not in sync with the Podfile.lock. Run 'pod install' or update your CocoaPods installation.\" >&2\n    exit 1\nfi\n# This output is used by Xcode 'outputs' to avoid re-running this script phase.\necho \"SUCCESS\" > \"${SCRIPT_OUTPUT_FILE_0}\"\n";
			showEnvVarsInLog = 0;
		};
		46FD20F373A205DD34DB338C /* [CP] Check Pods Manifest.lock */ = {
			isa = PBXShellScriptBuildPhase;
			buildActionMask = 2147483647;
			files = (
			);
			inputFileListPaths = (
			);
			inputPaths = (
				"${PODS_PODFILE_DIR_PATH}/Podfile.lock",
				"${PODS_ROOT}/Manifest.lock",
			);
			name = "[CP] Check Pods Manifest.lock";
			outputFileListPaths = (
			);
			outputPaths = (
				"$(DERIVED_FILE_DIR)/Pods-MarvelApp-checkManifestLockResult.txt",
			);
			runOnlyForDeploymentPostprocessing = 0;
			shellPath = /bin/sh;
			shellScript = "diff \"${PODS_PODFILE_DIR_PATH}/Podfile.lock\" \"${PODS_ROOT}/Manifest.lock\" > /dev/null\nif [ $? != 0 ] ; then\n    # print error to STDERR\n    echo \"error: The sandbox is not in sync with the Podfile.lock. Run 'pod install' or update your CocoaPods installation.\" >&2\n    exit 1\nfi\n# This output is used by Xcode 'outputs' to avoid re-running this script phase.\necho \"SUCCESS\" > \"${SCRIPT_OUTPUT_FILE_0}\"\n";
			showEnvVarsInLog = 0;
		};
		576C73591E1AD5753EBA943E /* [CP] Embed Pods Frameworks */ = {
			isa = PBXShellScriptBuildPhase;
			buildActionMask = 2147483647;
			files = (
			);
			inputFileListPaths = (
				"${PODS_ROOT}/Target Support Files/Pods-MarvelApp/Pods-MarvelApp-frameworks-${CONFIGURATION}-input-files.xcfilelist",
			);
			name = "[CP] Embed Pods Frameworks";
			outputFileListPaths = (
				"${PODS_ROOT}/Target Support Files/Pods-MarvelApp/Pods-MarvelApp-frameworks-${CONFIGURATION}-output-files.xcfilelist",
			);
			runOnlyForDeploymentPostprocessing = 0;
			shellPath = /bin/sh;
			shellScript = "\"${PODS_ROOT}/Target Support Files/Pods-MarvelApp/Pods-MarvelApp-frameworks.sh\"\n";
			showEnvVarsInLog = 0;
		};
		95672E382664E8A800C057D3 /* ShellScript */ = {
			isa = PBXShellScriptBuildPhase;
			buildActionMask = 2147483647;
			files = (
			);
			inputFileListPaths = (
			);
			inputPaths = (
			);
			outputFileListPaths = (
			);
			outputPaths = (
			);
			runOnlyForDeploymentPostprocessing = 0;
			shellPath = /bin/sh;
			shellScript = "\"${PODS_ROOT}/SwiftLint/swiftlint\"\n";
		};
		B68461DA4FDA25CB10BEF8A7 /* [CP] Check Pods Manifest.lock */ = {
			isa = PBXShellScriptBuildPhase;
			buildActionMask = 2147483647;
			files = (
			);
			inputFileListPaths = (
			);
			inputPaths = (
				"${PODS_PODFILE_DIR_PATH}/Podfile.lock",
				"${PODS_ROOT}/Manifest.lock",
			);
			name = "[CP] Check Pods Manifest.lock";
			outputFileListPaths = (
			);
			outputPaths = (
				"$(DERIVED_FILE_DIR)/Pods-MarvelApp-MarvelAppUITests-checkManifestLockResult.txt",
			);
			runOnlyForDeploymentPostprocessing = 0;
			shellPath = /bin/sh;
			shellScript = "diff \"${PODS_PODFILE_DIR_PATH}/Podfile.lock\" \"${PODS_ROOT}/Manifest.lock\" > /dev/null\nif [ $? != 0 ] ; then\n    # print error to STDERR\n    echo \"error: The sandbox is not in sync with the Podfile.lock. Run 'pod install' or update your CocoaPods installation.\" >&2\n    exit 1\nfi\n# This output is used by Xcode 'outputs' to avoid re-running this script phase.\necho \"SUCCESS\" > \"${SCRIPT_OUTPUT_FILE_0}\"\n";
			showEnvVarsInLog = 0;
		};
/* End PBXShellScriptBuildPhase section */

/* Begin PBXSourcesBuildPhase section */
		950A7D582664E63100F6655A /* Sources */ = {
			isa = PBXSourcesBuildPhase;
			buildActionMask = 2147483647;
			files = (
				950A7D642664E63100F6655A /* ViewController.swift in Sources */,
				952615912664EB5B006C24F8 /* CharacterDataContainerDataSource.swift in Sources */,
				952615722664EAAE006C24F8 /* CharacterDataWrapperModel.swift in Sources */,
				952615872664EB16006C24F8 /* URLModel.swift in Sources */,
				9526157D2664EAD1006C24F8 /* CharacterDataContainerModel.swift in Sources */,
				952615BF2664ECEB006C24F8 /* Constants.swift in Sources */,
				952615822664EAED006C24F8 /* CharacterModel.swift in Sources */,
				950A7D602664E63100F6655A /* AppDelegate.swift in Sources */,
				950A7D622664E63100F6655A /* SceneDelegate.swift in Sources */,
				9526158C2664EB27006C24F8 /* ImageModel.swift in Sources */,
			);
			runOnlyForDeploymentPostprocessing = 0;
		};
		950A7D6E2664E63200F6655A /* Sources */ = {
			isa = PBXSourcesBuildPhase;
			buildActionMask = 2147483647;
			files = (
				950A7D772664E63200F6655A /* MarvelAppTests.swift in Sources */,
				952615A22664EBD9006C24F8 /* CharacterDataContainerDataSourceTests.swift in Sources */,
				952615992664EBA2006C24F8 /* CharacterDataModelTests.swift in Sources */,
			);
			runOnlyForDeploymentPostprocessing = 0;
		};
		950A7D792664E63200F6655A /* Sources */ = {
			isa = PBXSourcesBuildPhase;
			buildActionMask = 2147483647;
			files = (
				950A7D822664E63200F6655A /* MarvelAppUITests.swift in Sources */,
			);
			runOnlyForDeploymentPostprocessing = 0;
		};
/* End PBXSourcesBuildPhase section */

/* Begin PBXTargetDependency section */
		950A7D742664E63200F6655A /* PBXTargetDependency */ = {
			isa = PBXTargetDependency;
			target = 950A7D5B2664E63100F6655A /* MarvelApp */;
			targetProxy = 950A7D732664E63200F6655A /* PBXContainerItemProxy */;
		};
		950A7D7F2664E63200F6655A /* PBXTargetDependency */ = {
			isa = PBXTargetDependency;
			target = 950A7D5B2664E63100F6655A /* MarvelApp */;
			targetProxy = 950A7D7E2664E63200F6655A /* PBXContainerItemProxy */;
		};
/* End PBXTargetDependency section */

/* Begin PBXVariantGroup section */
		950A7D652664E63100F6655A /* Main.storyboard */ = {
			isa = PBXVariantGroup;
			children = (
				950A7D662664E63100F6655A /* Base */,
			);
			name = Main.storyboard;
			sourceTree = "<group>";
		};
		950A7D6A2664E63200F6655A /* LaunchScreen.storyboard */ = {
			isa = PBXVariantGroup;
			children = (
				950A7D6B2664E63200F6655A /* Base */,
			);
			name = LaunchScreen.storyboard;
			sourceTree = "<group>";
		};
/* End PBXVariantGroup section */

/* Begin XCBuildConfiguration section */
		950A7D842664E63200F6655A /* Debug */ = {
			isa = XCBuildConfiguration;
			buildSettings = {
				ALWAYS_SEARCH_USER_PATHS = NO;
				CLANG_ANALYZER_NONNULL = YES;
				CLANG_ANALYZER_NUMBER_OBJECT_CONVERSION = YES_AGGRESSIVE;
				CLANG_CXX_LANGUAGE_STANDARD = "gnu++14";
				CLANG_CXX_LIBRARY = "libc++";
				CLANG_ENABLE_MODULES = YES;
				CLANG_ENABLE_OBJC_ARC = YES;
				CLANG_ENABLE_OBJC_WEAK = YES;
				CLANG_WARN_BLOCK_CAPTURE_AUTORELEASING = YES;
				CLANG_WARN_BOOL_CONVERSION = YES;
				CLANG_WARN_COMMA = YES;
				CLANG_WARN_CONSTANT_CONVERSION = YES;
				CLANG_WARN_DEPRECATED_OBJC_IMPLEMENTATIONS = YES;
				CLANG_WARN_DIRECT_OBJC_ISA_USAGE = YES_ERROR;
				CLANG_WARN_DOCUMENTATION_COMMENTS = YES;
				CLANG_WARN_EMPTY_BODY = YES;
				CLANG_WARN_ENUM_CONVERSION = YES;
				CLANG_WARN_INFINITE_RECURSION = YES;
				CLANG_WARN_INT_CONVERSION = YES;
				CLANG_WARN_NON_LITERAL_NULL_CONVERSION = YES;
				CLANG_WARN_OBJC_IMPLICIT_RETAIN_SELF = YES;
				CLANG_WARN_OBJC_LITERAL_CONVERSION = YES;
				CLANG_WARN_OBJC_ROOT_CLASS = YES_ERROR;
				CLANG_WARN_QUOTED_INCLUDE_IN_FRAMEWORK_HEADER = YES;
				CLANG_WARN_RANGE_LOOP_ANALYSIS = YES;
				CLANG_WARN_STRICT_PROTOTYPES = YES;
				CLANG_WARN_SUSPICIOUS_MOVE = YES;
				CLANG_WARN_UNGUARDED_AVAILABILITY = YES_AGGRESSIVE;
				CLANG_WARN_UNREACHABLE_CODE = YES;
				CLANG_WARN__DUPLICATE_METHOD_MATCH = YES;
				COPY_PHASE_STRIP = NO;
				DEBUG_INFORMATION_FORMAT = dwarf;
				ENABLE_STRICT_OBJC_MSGSEND = YES;
				ENABLE_TESTABILITY = YES;
				GCC_C_LANGUAGE_STANDARD = gnu11;
				GCC_DYNAMIC_NO_PIC = NO;
				GCC_NO_COMMON_BLOCKS = YES;
				GCC_OPTIMIZATION_LEVEL = 0;
				GCC_PREPROCESSOR_DEFINITIONS = (
					"DEBUG=1",
					"$(inherited)",
				);
				GCC_WARN_64_TO_32_BIT_CONVERSION = YES;
				GCC_WARN_ABOUT_RETURN_TYPE = YES_ERROR;
				GCC_WARN_UNDECLARED_SELECTOR = YES;
				GCC_WARN_UNINITIALIZED_AUTOS = YES_AGGRESSIVE;
				GCC_WARN_UNUSED_FUNCTION = YES;
				GCC_WARN_UNUSED_VARIABLE = YES;
				IPHONEOS_DEPLOYMENT_TARGET = 14.4;
				MTL_ENABLE_DEBUG_INFO = INCLUDE_SOURCE;
				MTL_FAST_MATH = YES;
				ONLY_ACTIVE_ARCH = YES;
				SDKROOT = iphoneos;
				SWIFT_ACTIVE_COMPILATION_CONDITIONS = DEBUG;
				SWIFT_OPTIMIZATION_LEVEL = "-Onone";
			};
			name = Debug;
		};
		950A7D852664E63200F6655A /* Release */ = {
			isa = XCBuildConfiguration;
			buildSettings = {
				ALWAYS_SEARCH_USER_PATHS = NO;
				CLANG_ANALYZER_NONNULL = YES;
				CLANG_ANALYZER_NUMBER_OBJECT_CONVERSION = YES_AGGRESSIVE;
				CLANG_CXX_LANGUAGE_STANDARD = "gnu++14";
				CLANG_CXX_LIBRARY = "libc++";
				CLANG_ENABLE_MODULES = YES;
				CLANG_ENABLE_OBJC_ARC = YES;
				CLANG_ENABLE_OBJC_WEAK = YES;
				CLANG_WARN_BLOCK_CAPTURE_AUTORELEASING = YES;
				CLANG_WARN_BOOL_CONVERSION = YES;
				CLANG_WARN_COMMA = YES;
				CLANG_WARN_CONSTANT_CONVERSION = YES;
				CLANG_WARN_DEPRECATED_OBJC_IMPLEMENTATIONS = YES;
				CLANG_WARN_DIRECT_OBJC_ISA_USAGE = YES_ERROR;
				CLANG_WARN_DOCUMENTATION_COMMENTS = YES;
				CLANG_WARN_EMPTY_BODY = YES;
				CLANG_WARN_ENUM_CONVERSION = YES;
				CLANG_WARN_INFINITE_RECURSION = YES;
				CLANG_WARN_INT_CONVERSION = YES;
				CLANG_WARN_NON_LITERAL_NULL_CONVERSION = YES;
				CLANG_WARN_OBJC_IMPLICIT_RETAIN_SELF = YES;
				CLANG_WARN_OBJC_LITERAL_CONVERSION = YES;
				CLANG_WARN_OBJC_ROOT_CLASS = YES_ERROR;
				CLANG_WARN_QUOTED_INCLUDE_IN_FRAMEWORK_HEADER = YES;
				CLANG_WARN_RANGE_LOOP_ANALYSIS = YES;
				CLANG_WARN_STRICT_PROTOTYPES = YES;
				CLANG_WARN_SUSPICIOUS_MOVE = YES;
				CLANG_WARN_UNGUARDED_AVAILABILITY = YES_AGGRESSIVE;
				CLANG_WARN_UNREACHABLE_CODE = YES;
				CLANG_WARN__DUPLICATE_METHOD_MATCH = YES;
				COPY_PHASE_STRIP = NO;
				DEBUG_INFORMATION_FORMAT = "dwarf-with-dsym";
				ENABLE_NS_ASSERTIONS = NO;
				ENABLE_STRICT_OBJC_MSGSEND = YES;
				GCC_C_LANGUAGE_STANDARD = gnu11;
				GCC_NO_COMMON_BLOCKS = YES;
				GCC_WARN_64_TO_32_BIT_CONVERSION = YES;
				GCC_WARN_ABOUT_RETURN_TYPE = YES_ERROR;
				GCC_WARN_UNDECLARED_SELECTOR = YES;
				GCC_WARN_UNINITIALIZED_AUTOS = YES_AGGRESSIVE;
				GCC_WARN_UNUSED_FUNCTION = YES;
				GCC_WARN_UNUSED_VARIABLE = YES;
				IPHONEOS_DEPLOYMENT_TARGET = 14.4;
				MTL_ENABLE_DEBUG_INFO = NO;
				MTL_FAST_MATH = YES;
				SDKROOT = iphoneos;
				SWIFT_COMPILATION_MODE = wholemodule;
				SWIFT_OPTIMIZATION_LEVEL = "-O";
				VALIDATE_PRODUCT = YES;
			};
			name = Release;
		};
		950A7D872664E63200F6655A /* Debug */ = {
			isa = XCBuildConfiguration;
			baseConfigurationReference = 1160DFD64CF296A7F3BE6428 /* Pods-MarvelApp.debug.xcconfig */;
			buildSettings = {
				ASSETCATALOG_COMPILER_APPICON_NAME = AppIcon;
				ASSETCATALOG_COMPILER_GLOBAL_ACCENT_COLOR_NAME = AccentColor;
				CODE_SIGN_STYLE = Automatic;
				INFOPLIST_FILE = MarvelApp/Info.plist;
				LD_RUNPATH_SEARCH_PATHS = (
					"$(inherited)",
					"@executable_path/Frameworks",
				);
				PRODUCT_BUNDLE_IDENTIFIER = n2devcode.MarvelApp;
				PRODUCT_NAME = "$(TARGET_NAME)";
				SWIFT_VERSION = 5.0;
				TARGETED_DEVICE_FAMILY = "1,2";
			};
			name = Debug;
		};
		950A7D882664E63200F6655A /* Release */ = {
			isa = XCBuildConfiguration;
			baseConfigurationReference = 9C2D8EF98FFE43FEF2260BF8 /* Pods-MarvelApp.release.xcconfig */;
			buildSettings = {
				ASSETCATALOG_COMPILER_APPICON_NAME = AppIcon;
				ASSETCATALOG_COMPILER_GLOBAL_ACCENT_COLOR_NAME = AccentColor;
				CODE_SIGN_STYLE = Automatic;
				INFOPLIST_FILE = MarvelApp/Info.plist;
				LD_RUNPATH_SEARCH_PATHS = (
					"$(inherited)",
					"@executable_path/Frameworks",
				);
				PRODUCT_BUNDLE_IDENTIFIER = n2devcode.MarvelApp;
				PRODUCT_NAME = "$(TARGET_NAME)";
				SWIFT_VERSION = 5.0;
				TARGETED_DEVICE_FAMILY = "1,2";
			};
			name = Release;
		};
		950A7D8A2664E63200F6655A /* Debug */ = {
			isa = XCBuildConfiguration;
			baseConfigurationReference = B147600FE3E7C261CF8B8D7C /* Pods-MarvelAppTests.debug.xcconfig */;
			buildSettings = {
				ALWAYS_EMBED_SWIFT_STANDARD_LIBRARIES = YES;
				BUNDLE_LOADER = "$(TEST_HOST)";
				CODE_SIGN_STYLE = Automatic;
				INFOPLIST_FILE = MarvelAppTests/Info.plist;
				IPHONEOS_DEPLOYMENT_TARGET = 14.4;
				LD_RUNPATH_SEARCH_PATHS = (
					"$(inherited)",
					"@executable_path/Frameworks",
					"@loader_path/Frameworks",
				);
				PRODUCT_BUNDLE_IDENTIFIER = n2devcode.MarvelAppTests;
				PRODUCT_NAME = "$(TARGET_NAME)";
				SWIFT_VERSION = 5.0;
				TARGETED_DEVICE_FAMILY = "1,2";
				TEST_HOST = "$(BUILT_PRODUCTS_DIR)/MarvelApp.app/MarvelApp";
			};
			name = Debug;
		};
		950A7D8B2664E63200F6655A /* Release */ = {
			isa = XCBuildConfiguration;
			baseConfigurationReference = 6A5883BDB52F2D21AE4B808B /* Pods-MarvelAppTests.release.xcconfig */;
			buildSettings = {
				ALWAYS_EMBED_SWIFT_STANDARD_LIBRARIES = YES;
				BUNDLE_LOADER = "$(TEST_HOST)";
				CODE_SIGN_STYLE = Automatic;
				INFOPLIST_FILE = MarvelAppTests/Info.plist;
				IPHONEOS_DEPLOYMENT_TARGET = 14.4;
				LD_RUNPATH_SEARCH_PATHS = (
					"$(inherited)",
					"@executable_path/Frameworks",
					"@loader_path/Frameworks",
				);
				PRODUCT_BUNDLE_IDENTIFIER = n2devcode.MarvelAppTests;
				PRODUCT_NAME = "$(TARGET_NAME)";
				SWIFT_VERSION = 5.0;
				TARGETED_DEVICE_FAMILY = "1,2";
				TEST_HOST = "$(BUILT_PRODUCTS_DIR)/MarvelApp.app/MarvelApp";
			};
			name = Release;
		};
		950A7D8D2664E63200F6655A /* Debug */ = {
			isa = XCBuildConfiguration;
			baseConfigurationReference = 46937B55481DFD1C414DDD7D /* Pods-MarvelApp-MarvelAppUITests.debug.xcconfig */;
			buildSettings = {
				ALWAYS_EMBED_SWIFT_STANDARD_LIBRARIES = YES;
				CODE_SIGN_STYLE = Automatic;
				INFOPLIST_FILE = MarvelAppUITests/Info.plist;
				LD_RUNPATH_SEARCH_PATHS = (
					"$(inherited)",
					"@executable_path/Frameworks",
					"@loader_path/Frameworks",
				);
				PRODUCT_BUNDLE_IDENTIFIER = n2devcode.MarvelAppUITests;
				PRODUCT_NAME = "$(TARGET_NAME)";
				SWIFT_VERSION = 5.0;
				TARGETED_DEVICE_FAMILY = "1,2";
				TEST_TARGET_NAME = MarvelApp;
			};
			name = Debug;
		};
		950A7D8E2664E63200F6655A /* Release */ = {
			isa = XCBuildConfiguration;
			baseConfigurationReference = 64EA5E75C3A0D151A6618092 /* Pods-MarvelApp-MarvelAppUITests.release.xcconfig */;
			buildSettings = {
				ALWAYS_EMBED_SWIFT_STANDARD_LIBRARIES = YES;
				CODE_SIGN_STYLE = Automatic;
				INFOPLIST_FILE = MarvelAppUITests/Info.plist;
				LD_RUNPATH_SEARCH_PATHS = (
					"$(inherited)",
					"@executable_path/Frameworks",
					"@loader_path/Frameworks",
				);
				PRODUCT_BUNDLE_IDENTIFIER = n2devcode.MarvelAppUITests;
				PRODUCT_NAME = "$(TARGET_NAME)";
				SWIFT_VERSION = 5.0;
				TARGETED_DEVICE_FAMILY = "1,2";
				TEST_TARGET_NAME = MarvelApp;
			};
			name = Release;
		};
/* End XCBuildConfiguration section */

/* Begin XCConfigurationList section */
		950A7D572664E63100F6655A /* Build configuration list for PBXProject "MarvelApp" */ = {
			isa = XCConfigurationList;
			buildConfigurations = (
				950A7D842664E63200F6655A /* Debug */,
				950A7D852664E63200F6655A /* Release */,
			);
			defaultConfigurationIsVisible = 0;
			defaultConfigurationName = Release;
		};
		950A7D862664E63200F6655A /* Build configuration list for PBXNativeTarget "MarvelApp" */ = {
			isa = XCConfigurationList;
			buildConfigurations = (
				950A7D872664E63200F6655A /* Debug */,
				950A7D882664E63200F6655A /* Release */,
			);
			defaultConfigurationIsVisible = 0;
			defaultConfigurationName = Release;
		};
		950A7D892664E63200F6655A /* Build configuration list for PBXNativeTarget "MarvelAppTests" */ = {
			isa = XCConfigurationList;
			buildConfigurations = (
				950A7D8A2664E63200F6655A /* Debug */,
				950A7D8B2664E63200F6655A /* Release */,
			);
			defaultConfigurationIsVisible = 0;
			defaultConfigurationName = Release;
		};
		950A7D8C2664E63200F6655A /* Build configuration list for PBXNativeTarget "MarvelAppUITests" */ = {
			isa = XCConfigurationList;
			buildConfigurations = (
				950A7D8D2664E63200F6655A /* Debug */,
				950A7D8E2664E63200F6655A /* Release */,
			);
			defaultConfigurationIsVisible = 0;
			defaultConfigurationName = Release;
		};
/* End XCConfigurationList section */
	};
	rootObject = 950A7D542664E63100F6655A /* Project object */;
}
